PODS:
  - AFNetworking (2.3.1):
    - AFNetworking/NSURLConnection
    - AFNetworking/NSURLSession
    - AFNetworking/Reachability
    - AFNetworking/Security
    - AFNetworking/Serialization
    - AFNetworking/UIKit
  - AFNetworking/NSURLConnection (2.3.1):
    - AFNetworking/Reachability
    - AFNetworking/Security
    - AFNetworking/Serialization
  - AFNetworking/NSURLSession (2.3.1):
    - AFNetworking/Reachability
    - AFNetworking/Security
    - AFNetworking/Serialization
  - AFNetworking/Reachability (2.3.1)
  - AFNetworking/Security (2.3.1)
  - AFNetworking/Serialization (2.3.1)
  - AFNetworking/UIKit (2.3.1):
    - AFNetworking/NSURLConnection
    - AFNetworking/NSURLSession
  - MBProgressHUD (0.8)
  - XCDYouTubeKit (2.0.2)
  - youtube-ios-player-helper (0.1.1)

DEPENDENCIES:
  - AFNetworking (~> 2.2)
  - MBProgressHUD (~> 0.8)
  - XCDYouTubeKit (~> 2.0.0)
  - youtube-ios-player-helper (~> 0.1.1)

SPEC CHECKSUMS:
  AFNetworking: 6d7b76aa5d04c8c37daad3eef4b7e3f2a7620da3
  MBProgressHUD: c356980b0cd097f19acec959b49dca5eb8ec31be
  XCDYouTubeKit: 65d5f5b9fe4e731327ab61ecc253b8e70e5d5a4d
  youtube-ios-player-helper: 53aecd0b4763a77e6890e9a7c55abb7b5c4bedea

COCOAPODS: 0.33.1
